// !$*UTF8*$!
{
	archiveVersion = 1;
	classes = {
	};
	objectVersion = 77;
	objects = {

/* Begin PBXContainerItemProxy section */
		5ACEAE4D2E2F1F68008B3DE6 /* PBXContainerItemProxy */ = {
			isa = PBXContainerItemProxy;
			containerPortal = 5ACEAE372E2F1F67008B3DE6 /* Project object */;
			proxyType = 1;
			remoteGlobalIDString = 5ACEAE3E2E2F1F67008B3DE6;
			remoteInfo = vibely;
		};
		5ACEAE572E2F1F68008B3DE6 /* PBXContainerItemProxy */ = {
			isa = PBXContainerItemProxy;
			containerPortal = 5ACEAE372E2F1F67008B3DE6 /* Project object */;
			proxyType = 1;
			remoteGlobalIDString = 5ACEAE3E2E2F1F67008B3DE6;
			remoteInfo = vibely;
		};
/* End PBXContainerItemProxy section */

/* Begin PBXFileReference section */
		5ACEAE3F2E2F1F67008B3DE6 /* vibely.app */ = {isa = PBXFileReference; explicitFileType = wrapper.application; includeInIndex = 0; path = vibely.app; sourceTree = BUILT_PRODUCTS_DIR; };
		5ACEAE4C2E2F1F68008B3DE6 /* vibelyTests.xctest */ = {isa = PBXFileReference; explicitFileType = wrapper.cfbundle; includeInIndex = 0; path = vibelyTests.xctest; sourceTree = BUILT_PRODUCTS_DIR; };
		5ACEAE562E2F1F68008B3DE6 /* vibelyUITests.xctest */ = {isa = PBXFileReference; explicitFileType = wrapper.cfbundle; includeInIndex = 0; path = vibelyUITests.xctest; sourceTree = BUILT_PRODUCTS_DIR; };
/* End PBXFileReference section */

/* Begin PBXFileSystemSynchronizedRootGroup section */
		5ACEAE412E2F1F67008B3DE6 /* vibely */ = {
			isa = PBXFileSystemSynchronizedRootGroup;
			path = vibely;
			sourceTree = "<group>";
		};
		5ACEAE4F2E2F1F68008B3DE6 /* vibelyTests */ = {
			isa = PBXFileSystemSynchronizedRootGroup;
			path = vibelyTests;
			sourceTree = "<group>";
		};
		5ACEAE592E2F1F68008B3DE6 /* vibelyUITests */ = {
			isa = PBXFileSystemSynchronizedRootGroup;
			path = vibelyUITests;
			sourceTree = "<group>";
		};
/* End PBXFileSystemSynchronizedRootGroup section */

/* Begin PBXFrameworksBuildPhase section */
		5ACEAE3C2E2F1F67008B3DE6 /* Frameworks */ = {
			isa = PBXFrameworksBuildPhase;
			buildActionMask = 2147483647;
			files = (
			);
			runOnlyForDeploymentPostprocessing = 0;
		};
		5ACEAE492E2F1F68008B3DE6 /* Frameworks */ = {
			isa = PBXFrameworksBuildPhase;
			buildActionMask = 2147483647;
			files = (
			);
			runOnlyForDeploymentPostprocessing = 0;
		};
		5ACEAE532E2F1F68008B3DE6 /* Frameworks */ = {
			isa = PBXFrameworksBuildPhase;
			buildActionMask = 2147483647;
			files = (
			);
			runOnlyForDeploymentPostprocessing = 0;
		};
/* End PBXFrameworksBuildPhase section */

/* Begin PBXGroup section */
		5ACEAE362E2F1F67008B3DE6 = {
			isa = PBXGroup;
			children = (
				5ACEAE412E2F1F67008B3DE6 /* vibely */,
				5ACEAE4F2E2F1F68008B3DE6 /* vibelyTests */,
				5ACEAE592E2F1F68008B3DE6 /* vibelyUITests */,
				5ACEAE402E2F1F67008B3DE6 /* Products */,
			);
			sourceTree = "<group>";
		};
		5ACEAE402E2F1F67008B3DE6 /* Products */ = {
			isa = PBXGroup;
			children = (
				5ACEAE3F2E2F1F67008B3DE6 /* vibely.app */,
				5ACEAE4C2E2F1F68008B3DE6 /* vibelyTests.xctest */,
				5ACEAE562E2F1F68008B3DE6 /* vibelyUITests.xctest */,
			);
			name = Products;
			sourceTree = "<group>";
		};
/* End PBXGroup section */

/* Begin PBXNativeTarget section */
		5ACEAE3E2E2F1F67008B3DE6 /* vibely */ = {
			isa = PBXNativeTarget;
			buildConfigurationList = 5ACEAE602E2F1F68008B3DE6 /* Build configuration list for PBXNativeTarget "vibely" */;
			buildPhases = (
				5ACEAE3B2E2F1F67008B3DE6 /* Sources */,
				5ACEAE3C2E2F1F67008B3DE6 /* Frameworks */,
				5ACEAE3D2E2F1F67008B3DE6 /* Resources */,
			);
			buildRules = (
			);
			dependencies = (
			);
			fileSystemSynchronizedGroups = (
				5ACEAE412E2F1F67008B3DE6 /* vibely */,
			);
			name = vibely;
			packageProductDependencies = (
			);
			productName = vibely;
			productReference = 5ACEAE3F2E2F1F67008B3DE6 /* vibely.app */;
			productType = "com.apple.product-type.application";
		};
		5ACEAE4B2E2F1F68008B3DE6 /* vibelyTests */ = {
			isa = PBXNativeTarget;
			buildConfigurationList = 5ACEAE632E2F1F68008B3DE6 /* Build configuration list for PBXNativeTarget "vibelyTests" */;
			buildPhases = (
				5ACEAE482E2F1F68008B3DE6 /* Sources */,
				5ACEAE492E2F1F68008B3DE6 /* Frameworks */,
				5ACEAE4A2E2F1F68008B3DE6 /* Resources */,
			);
			buildRules = (
			);
			dependencies = (
				5ACEAE4E2E2F1F68008B3DE6 /* PBXTargetDependency */,
			);
			fileSystemSynchronizedGroups = (
				5ACEAE4F2E2F1F68008B3DE6 /* vibelyTests */,
			);
			name = vibelyTests;
			packageProductDependencies = (
			);
			productName = vibelyTests;
			productReference = 5ACEAE4C2E2F1F68008B3DE6 /* vibelyTests.xctest */;
			productType = "com.apple.product-type.bundle.unit-test";
		};
		5ACEAE552E2F1F68008B3DE6 /* vibelyUITests */ = {
			isa = PBXNativeTarget;
			buildConfigurationList = 5ACEAE662E2F1F68008B3DE6 /* Build configuration list for PBXNativeTarget "vibelyUITests" */;
			buildPhases = (
				5ACEAE522E2F1F68008B3DE6 /* Sources */,
				5ACEAE532E2F1F68008B3DE6 /* Frameworks */,
				5ACEAE542E2F1F68008B3DE6 /* Resources */,
			);
			buildRules = (
			);
			dependencies = (
				5ACEAE582E2F1F68008B3DE6 /* PBXTargetDependency */,
			);
			fileSystemSynchronizedGroups = (
				5ACEAE592E2F1F68008B3DE6 /* vibelyUITests */,
			);
			name = vibelyUITests;
			packageProductDependencies = (
			);
			productName = vibelyUITests;
			productReference = 5ACEAE562E2F1F68008B3DE6 /* vibelyUITests.xctest */;
			productType = "com.apple.product-type.bundle.ui-testing";
		};
/* End PBXNativeTarget section */

/* Begin PBXProject section */
		5ACEAE372E2F1F67008B3DE6 /* Project object */ = {
			isa = PBXProject;
			attributes = {
				BuildIndependentTargetsInParallel = 1;
				LastSwiftUpdateCheck = 1640;
				LastUpgradeCheck = 1640;
				TargetAttributes = {
					5ACEAE3E2E2F1F67008B3DE6 = {
						CreatedOnToolsVersion = 16.4;
					};
					5ACEAE4B2E2F1F68008B3DE6 = {
						CreatedOnToolsVersion = 16.4;
						TestTargetID = 5ACEAE3E2E2F1F67008B3DE6;
					};
					5ACEAE552E2F1F68008B3DE6 = {
						CreatedOnToolsVersion = 16.4;
						TestTargetID = 5ACEAE3E2E2F1F67008B3DE6;
					};
				};
			};
			buildConfigurationList = 5ACEAE3A2E2F1F67008B3DE6 /* Build configuration list for PBXProject "vibely" */;
			developmentRegion = en;
			hasScannedForEncodings = 0;
			knownRegions = (
				en,
				Base,
			);
			mainGroup = 5ACEAE362E2F1F67008B3DE6;
			minimizedProjectReferenceProxies = 1;
			preferredProjectObjectVersion = 77;
			productRefGroup = 5ACEAE402E2F1F67008B3DE6 /* Products */;
			projectDirPath = "";
			projectRoot = "";
			targets = (
				5ACEAE3E2E2F1F67008B3DE6 /* vibely */,
				5ACEAE4B2E2F1F68008B3DE6 /* vibelyTests */,
				5ACEAE552E2F1F68008B3DE6 /* vibelyUITests */,
			);
		};
/* End PBXProject section */

/* Begin PBXResourcesBuildPhase section */
		5ACEAE3D2E2F1F67008B3DE6 /* Resources */ = {
			isa = PBXResourcesBuildPhase;
			buildActionMask = 2147483647;
			files = (
			);
			runOnlyForDeploymentPostprocessing = 0;
		};
		5ACEAE4A2E2F1F68008B3DE6 /* Resources */ = {
			isa = PBXResourcesBuildPhase;
			buildActionMask = 2147483647;
			files = (
			);
			runOnlyForDeploymentPostprocessing = 0;
		};
		5ACEAE542E2F1F68008B3DE6 /* Resources */ = {
			isa = PBXResourcesBuildPhase;
			buildActionMask = 2147483647;
			files = (
			);
			runOnlyForDeploymentPostprocessing = 0;
		};
/* End PBXResourcesBuildPhase section */

/* Begin PBXSourcesBuildPhase section */
		5ACEAE3B2E2F1F67008B3DE6 /* Sources */ = {
			isa = PBXSourcesBuildPhase;
			buildActionMask = 2147483647;
			files = (
			);
			runOnlyForDeploymentPostprocessing = 0;
		};
		5ACEAE482E2F1F68008B3DE6 /* Sources */ = {
			isa = PBXSourcesBuildPhase;
			buildActionMask = 2147483647;
			files = (
			);
			runOnlyForDeploymentPostprocessing = 0;
		};
		5ACEAE522E2F1F68008B3DE6 /* Sources */ = {
			isa = PBXSourcesBuildPhase;
			buildActionMask = 2147483647;
			files = (
			);
			runOnlyForDeploymentPostprocessing = 0;
		};
/* End PBXSourcesBuildPhase section */

/* Begin PBXTargetDependency section */
		5ACEAE4E2E2F1F68008B3DE6 /* PBXTargetDependency */ = {
			isa = PBXTargetDependency;
			target = 5ACEAE3E2E2F1F67008B3DE6 /* vibely */;
			targetProxy = 5ACEAE4D2E2F1F68008B3DE6 /* PBXContainerItemProxy */;
		};
		5ACEAE582E2F1F68008B3DE6 /* PBXTargetDependency */ = {
			isa = PBXTargetDependency;
			target = 5ACEAE3E2E2F1F67008B3DE6 /* vibely */;
			targetProxy = 5ACEAE572E2F1F68008B3DE6 /* PBXContainerItemProxy */;
		};
/* End PBXTargetDependency section */

/* Begin XCBuildConfiguration section */
		5ACEAE5E2E2F1F68008B3DE6 /* Debug */ = {
			isa = XCBuildConfiguration;
			buildSettings = {
				ALWAYS_SEARCH_USER_PATHS = NO;
				ASSETCATALOG_COMPILER_GENERATE_SWIFT_ASSET_SYMBOL_EXTENSIONS = YES;
				CLANG_ANALYZER_NONNULL = YES;
				CLANG_ANALYZER_NUMBER_OBJECT_CONVERSION = YES_AGGRESSIVE;
				CLANG_CXX_LANGUAGE_STANDARD = "gnu++20";
				CLANG_ENABLE_MODULES = YES;
				CLANG_ENABLE_OBJC_ARC = YES;
				CLANG_ENABLE_OBJC_WEAK = YES;
				CLANG_WARN_BLOCK_CAPTURE_AUTORELEASING = YES;
				CLANG_WARN_BOOL_CONVERSION = YES;
				CLANG_WARN_COMMA = YES;
				CLANG_WARN_CONSTANT_CONVERSION = YES;
				CLANG_WARN_DEPRECATED_OBJC_IMPLEMENTATIONS = YES;
				CLANG_WARN_DIRECT_OBJC_ISA_USAGE = YES_ERROR;
				CLANG_WARN_DOCUMENTATION_COMMENTS = YES;
				CLANG_WARN_EMPTY_BODY = YES;
				CLANG_WARN_ENUM_CONVERSION = YES;
				CLANG_WARN_INFINITE_RECURSION = YES;
				CLANG_WARN_INT_CONVERSION = YES;
				CLANG_WARN_NON_LITERAL_NULL_CONVERSION = YES;
				CLANG_WARN_OBJC_IMPLICIT_RETAIN_SELF = YES;
				CLANG_WARN_OBJC_LITERAL_CONVERSION = YES;
				CLANG_WARN_OBJC_ROOT_CLASS = YES_ERROR;
				CLANG_WARN_QUOTED_INCLUDE_IN_FRAMEWORK_HEADER = YES;
				CLANG_WARN_RANGE_LOOP_ANALYSIS = YES;
				CLANG_WARN_STRICT_PROTOTYPES = YES;
				CLANG_WARN_SUSPICIOUS_MOVE = YES;
				CLANG_WARN_UNGUARDED_AVAILABILITY = YES_AGGRESSIVE;
				CLANG_WARN_UNREACHABLE_CODE = YES;
				CLANG_WARN__DUPLICATE_METHOD_MATCH = YES;
				COPY_PHASE_STRIP = NO;
				DEBUG_INFORMATION_FORMAT = dwarf;
				DEVELOPMENT_TEAM = 6R8CZ3TNYQ;
				ENABLE_STRICT_OBJC_MSGSEND = YES;
				ENABLE_TESTABILITY = YES;
				ENABLE_USER_SCRIPT_SANDBOXING = YES;
				GCC_C_LANGUAGE_STANDARD = gnu17;
				GCC_DYNAMIC_NO_PIC = NO;
				GCC_NO_COMMON_BLOCKS = YES;
				GCC_OPTIMIZATION_LEVEL = 0;
				GCC_PREPROCESSOR_DEFINITIONS = (
					"DEBUG=1",
					"$(inherited)",
				);
				GCC_WARN_64_TO_32_BIT_CONVERSION = YES;
				GCC_WARN_ABOUT_RETURN_TYPE = YES_ERROR;
				GCC_WARN_UNDECLARED_SELECTOR = YES;
				GCC_WARN_UNINITIALIZED_AUTOS = YES_AGGRESSIVE;
				GCC_WARN_UNUSED_FUNCTION = YES;
				GCC_WARN_UNUSED_VARIABLE = YES;
				IPHONEOS_DEPLOYMENT_TARGET = 18.5;
				LOCALIZATION_PREFERS_STRING_CATALOGS = YES;
				MTL_ENABLE_DEBUG_INFO = INCLUDE_SOURCE;
				MTL_FAST_MATH = YES;
				ONLY_ACTIVE_ARCH = YES;
				SDKROOT = iphoneos;
				SWIFT_ACTIVE_COMPILATION_CONDITIONS = "DEBUG $(inherited)";
				SWIFT_OPTIMIZATION_LEVEL = "-Onone";
			};
			name = Debug;
		};
		5ACEAE5F2E2F1F68008B3DE6 /* Release */ = {
			isa = XCBuildConfiguration;
			buildSettings = {
				ALWAYS_SEARCH_USER_PATHS = NO;
				ASSETCATALOG_COMPILER_GENERATE_SWIFT_ASSET_SYMBOL_EXTENSIONS = YES;
				CLANG_ANALYZER_NONNULL = YES;
				CLANG_ANALYZER_NUMBER_OBJECT_CONVERSION = YES_AGGRESSIVE;
				CLANG_CXX_LANGUAGE_STANDARD = "gnu++20";
				CLANG_ENABLE_MODULES = YES;
				CLANG_ENABLE_OBJC_ARC = YES;
				CLANG_ENABLE_OBJC_WEAK = YES;
				CLANG_WARN_BLOCK_CAPTURE_AUTORELEASING = YES;
				CLANG_WARN_BOOL_CONVERSION = YES;
				CLANG_WARN_COMMA = YES;
				CLANG_WARN_CONSTANT_CONVERSION = YES;
				CLANG_WARN_DEPRECATED_OBJC_IMPLEMENTATIONS = YES;
				CLANG_WARN_DIRECT_OBJC_ISA_USAGE = YES_ERROR;
				CLANG_WARN_DOCUMENTATION_COMMENTS = YES;
				CLANG_WARN_EMPTY_BODY = YES;
				CLANG_WARN_ENUM_CONVERSION = YES;
				CLANG_WARN_INFINITE_RECURSION = YES;
				CLANG_WARN_INT_CONVERSION = YES;
				CLANG_WARN_NON_LITERAL_NULL_CONVERSION = YES;
				CLANG_WARN_OBJC_IMPLICIT_RETAIN_SELF = YES;
				CLANG_WARN_OBJC_LITERAL_CONVERSION = YES;
				CLANG_WARN_OBJC_ROOT_CLASS = YES_ERROR;
				CLANG_WARN_QUOTED_INCLUDE_IN_FRAMEWORK_HEADER = YES;
				CLANG_WARN_RANGE_LOOP_ANALYSIS = YES;
				CLANG_WARN_STRICT_PROTOTYPES = YES;
				CLANG_WARN_SUSPICIOUS_MOVE = YES;
				CLANG_WARN_UNGUARDED_AVAILABILITY = YES_AGGRESSIVE;
				CLANG_WARN_UNREACHABLE_CODE = YES;
				CLANG_WARN__DUPLICATE_METHOD_MATCH = YES;
				COPY_PHASE_STRIP = NO;
				DEBUG_INFORMATION_FORMAT = "dwarf-with-dsym";
				DEVELOPMENT_TEAM = 6R8CZ3TNYQ;
				ENABLE_NS_ASSERTIONS = NO;
				ENABLE_STRICT_OBJC_MSGSEND = YES;
				ENABLE_USER_SCRIPT_SANDBOXING = YES;
				GCC_C_LANGUAGE_STANDARD = gnu17;
				GCC_NO_COMMON_BLOCKS = YES;
				GCC_WARN_64_TO_32_BIT_CONVERSION = YES;
				GCC_WARN_ABOUT_RETURN_TYPE = YES_ERROR;
				GCC_WARN_UNDECLARED_SELECTOR = YES;
				GCC_WARN_UNINITIALIZED_AUTOS = YES_AGGRESSIVE;
				GCC_WARN_UNUSED_FUNCTION = YES;
				GCC_WARN_UNUSED_VARIABLE = YES;
				IPHONEOS_DEPLOYMENT_TARGET = 18.5;
				LOCALIZATION_PREFERS_STRING_CATALOGS = YES;
				MTL_ENABLE_DEBUG_INFO = NO;
				MTL_FAST_MATH = YES;
				SDKROOT = iphoneos;
				SWIFT_COMPILATION_MODE = wholemodule;
				VALIDATE_PRODUCT = YES;
			};
			name = Release;
		};
		5ACEAE612E2F1F68008B3DE6 /* Debug */ = {
			isa = XCBuildConfiguration;
			buildSettings = {
				ASSETCATALOG_COMPILER_APPICON_NAME = AppIcon;
				ASSETCATALOG_COMPILER_GLOBAL_ACCENT_COLOR_NAME = AccentColor;
				CODE_SIGN_STYLE = Automatic;
				CURRENT_PROJECT_VERSION = 1;
				DEVELOPMENT_TEAM = 6R8CZ3TNYQ;
				ENABLE_PREVIEWS = YES;
				GENERATE_INFOPLIST_FILE = YES;
				INFOPLIST_KEY_UIApplicationSceneManifest_Generation = YES;
				INFOPLIST_KEY_UIApplicationSupportsIndirectInputEvents = YES;
				INFOPLIST_KEY_UILaunchScreen_Generation = YES;
				INFOPLIST_KEY_UISupportedInterfaceOrientations_iPad = "UIInterfaceOrientationPortrait UIInterfaceOrientationPortraitUpsideDown UIInterfaceOrientationLandscapeLeft UIInterfaceOrientationLandscapeRight";
				INFOPLIST_KEY_UISupportedInterfaceOrientations_iPhone = "UIInterfaceOrientationPortrait UIInterfaceOrientationLandscapeLeft UIInterfaceOrientationLandscapeRight";
				LD_RUNPATH_SEARCH_PATHS = (
					"$(inherited)",
					"@executable_path/Frameworks",
				);
				MARKETING_VERSION = 1.0;
				PRODUCT_BUNDLE_IDENTIFIER = com.anapaolaoviedo.vibely;
				PRODUCT_NAME = "$(TARGET_NAME)";
				SWIFT_EMIT_LOC_STRINGS = YES;
				SWIFT_VERSION = 5.0;
				TARGETED_DEVICE_FAMILY = "1,2";
			};
			name = Debug;
		};
		5ACEAE622E2F1F68008B3DE6 /* Release */ = {
			isa = XCBuildConfiguration;
			buildSettings = {
				ASSETCATALOG_COMPILER_APPICON_NAME = AppIcon;
				ASSETCATALOG_COMPILER_GLOBAL_ACCENT_COLOR_NAME = AccentColor;
				CODE_SIGN_STYLE = Automatic;
				CURRENT_PROJECT_VERSION = 1;
				DEVELOPMENT_TEAM = 6R8CZ3TNYQ;
				ENABLE_PREVIEWS = YES;
				GENERATE_INFOPLIST_FILE = YES;
				INFOPLIST_KEY_UIApplicationSceneManifest_Generation = YES;
				INFOPLIST_KEY_UIApplicationSupportsIndirectInputEvents = YES;
				INFOPLIST_KEY_UILaunchScreen_Generation = YES;
				INFOPLIST_KEY_UISupportedInterfaceOrientations_iPad = "UIInterfaceOrientationPortrait UIInterfaceOrientationPortraitUpsideDown UIInterfaceOrientationLandscapeLeft UIInterfaceOrientationLandscapeRight";
				INFOPLIST_KEY_UISupportedInterfaceOrientations_iPhone = "UIInterfaceOrientationPortrait UIInterfaceOrientationLandscapeLeft UIInterfaceOrientationLandscapeRight";
				LD_RUNPATH_SEARCH_PATHS = (
					"$(inherited)",
					"@executable_path/Frameworks",
				);
				MARKETING_VERSION = 1.0;
				PRODUCT_BUNDLE_IDENTIFIER = com.anapaolaoviedo.vibely;
				PRODUCT_NAME = "$(TARGET_NAME)";
				SWIFT_EMIT_LOC_STRINGS = YES;
				SWIFT_VERSION = 5.0;
				TARGETED_DEVICE_FAMILY = "1,2";
			};
			name = Release;
		};
		5ACEAE642E2F1F68008B3DE6 /* Debug */ = {
			isa = XCBuildConfiguration;
			buildSettings = {
				BUNDLE_LOADER = "$(TEST_HOST)";
				CODE_SIGN_STYLE = Automatic;
				CURRENT_PROJECT_VERSION = 1;
				DEVELOPMENT_TEAM = 6R8CZ3TNYQ;
				GENERATE_INFOPLIST_FILE = YES;
				IPHONEOS_DEPLOYMENT_TARGET = 18.5;
				MARKETING_VERSION = 1.0;
				PRODUCT_BUNDLE_IDENTIFIER = com.anapaolaoviedo.vibelyTests;
				PRODUCT_NAME = "$(TARGET_NAME)";
				SWIFT_EMIT_LOC_STRINGS = NO;
				SWIFT_VERSION = 5.0;
				TARGETED_DEVICE_FAMILY = "1,2";
				TEST_HOST = "$(BUILT_PRODUCTS_DIR)/vibely.app/$(BUNDLE_EXECUTABLE_FOLDER_PATH)/vibely";
			};
			name = Debug;
		};
		5ACEAE652E2F1F68008B3DE6 /* Release */ = {
			isa = XCBuildConfiguration;
			buildSettings = {
				BUNDLE_LOADER = "$(TEST_HOST)";
				CODE_SIGN_STYLE = Automatic;
				CURRENT_PROJECT_VERSION = 1;
				DEVELOPMENT_TEAM = 6R8CZ3TNYQ;
				GENERATE_INFOPLIST_FILE = YES;
				IPHONEOS_DEPLOYMENT_TARGET = 18.5;
				MARKETING_VERSION = 1.0;
				PRODUCT_BUNDLE_IDENTIFIER = com.anapaolaoviedo.vibelyTests;
				PRODUCT_NAME = "$(TARGET_NAME)";
				SWIFT_EMIT_LOC_STRINGS = NO;
				SWIFT_VERSION = 5.0;
				TARGETED_DEVICE_FAMILY = "1,2";
				TEST_HOST = "$(BUILT_PRODUCTS_DIR)/vibely.app/$(BUNDLE_EXECUTABLE_FOLDER_PATH)/vibely";
			};
			name = Release;
		};
		5ACEAE672E2F1F68008B3DE6 /* Debug */ = {
			isa = XCBuildConfiguration;
			buildSettings = {
				CODE_SIGN_STYLE = Automatic;
				CURRENT_PROJECT_VERSION = 1;
				DEVELOPMENT_TEAM = 6R8CZ3TNYQ;
				GENERATE_INFOPLIST_FILE = YES;
				MARKETING_VERSION = 1.0;
				PRODUCT_BUNDLE_IDENTIFIER = com.anapaolaoviedo.vibelyUITests;
				PRODUCT_NAME = "$(TARGET_NAME)";
				SWIFT_EMIT_LOC_STRINGS = NO;
				SWIFT_VERSION = 5.0;
				TARGETED_DEVICE_FAMILY = "1,2";
				TEST_TARGET_NAME = vibely;
			};
			name = Debug;
		};
		5ACEAE682E2F1F68008B3DE6 /* Release */ = {
			isa = XCBuildConfiguration;
			buildSettings = {
				CODE_SIGN_STYLE = Automatic;
				CURRENT_PROJECT_VERSION = 1;
				DEVELOPMENT_TEAM = 6R8CZ3TNYQ;
				GENERATE_INFOPLIST_FILE = YES;
				MARKETING_VERSION = 1.0;
				PRODUCT_BUNDLE_IDENTIFIER = com.anapaolaoviedo.vibelyUITests;
				PRODUCT_NAME = "$(TARGET_NAME)";
				SWIFT_EMIT_LOC_STRINGS = NO;
				SWIFT_VERSION = 5.0;
				TARGETED_DEVICE_FAMILY = "1,2";
				TEST_TARGET_NAME = vibely;
			};
			name = Release;
		};
/* End XCBuildConfiguration section */

/* Begin XCConfigurationList section */
		5ACEAE3A2E2F1F67008B3DE6 /* Build configuration list for PBXProject "vibely" */ = {
			isa = XCConfigurationList;
			buildConfigurations = (
				5ACEAE5E2E2F1F68008B3DE6 /* Debug */,
				5ACEAE5F2E2F1F68008B3DE6 /* Release */,
			);
			defaultConfigurationIsVisible = 0;
			defaultConfigurationName = Release;
		};
		5ACEAE602E2F1F68008B3DE6 /* Build configuration list for PBXNativeTarget "vibely" */ = {
			isa = XCConfigurationList;
			buildConfigurations = (
				5ACEAE612E2F1F68008B3DE6 /* Debug */,
				5ACEAE622E2F1F68008B3DE6 /* Release */,
			);
			defaultConfigurationIsVisible = 0;
			defaultConfigurationName = Release;
		};
		5ACEAE632E2F1F68008B3DE6 /* Build configuration list for PBXNativeTarget "vibelyTests" */ = {
			isa = XCConfigurationList;
			buildConfigurations = (
				5ACEAE642E2F1F68008B3DE6 /* Debug */,
				5ACEAE652E2F1F68008B3DE6 /* Release */,
			);
			defaultConfigurationIsVisible = 0;
			defaultConfigurationName = Release;
		};
		5ACEAE662E2F1F68008B3DE6 /* Build configuration list for PBXNativeTarget "vibelyUITests" */ = {
			isa = XCConfigurationList;
			buildConfigurations = (
				5ACEAE672E2F1F68008B3DE6 /* Debug */,
				5ACEAE682E2F1F68008B3DE6 /* Release */,
			);
			defaultConfigurationIsVisible = 0;
			defaultConfigurationName = Release;
		};
/* End XCConfigurationList section */
	};
	rootObject = 5ACEAE372E2F1F67008B3DE6 /* Project object */;
}
